
Microsoft Visual Studio Solution File, Format Version 12.00
# Visual Studio Version 17
Project("{2150E333-8FDC-42A3-9474-1A3956D46DE8}") = "CMakePredefinedTargets", "CMakePredefinedTargets", "{021AEF5E-267F-38D2-A6BE-23BCEBF7578A}"
EndProject
Project("{2150E333-8FDC-42A3-9474-1A3956D46DE8}") = "GLFW3", "GLFW3", "{C231F9EA-8B1A-3556-BCD1-BACA52B57732}"
EndProject
Project("{2150E333-8FDC-42A3-9474-1A3956D46DE8}") = "Examples", "GLFW3\Examples", "{162DAE53-7636-34EB-88B2-90BE7D64CC67}"
EndProject
Project("{2150E333-8FDC-42A3-9474-1A3956D46DE8}") = "Tests", "GLFW3\Tests", "{0616BEC0-2D92-3428-ABB8-9487A3293E84}"
EndProject
Project("{8BC9CEB8-8B4A-11D0-8D11-00A0C91BC942}") = "ALL_BUILD", "ALL_BUILD.vcxproj", "{A65CE1CB-3828-3AF4-8BBF-6C826916D25F}"
	ProjectSection(ProjectDependencies) = postProject
		{B21E21BD-0AB1-334F-BF2B-7A8576FDA89E} = {B21E21BD-0AB1-334F-BF2B-7A8576FDA89E}
		{5FF52D0C-0B1E-30E1-878C-51EB2E3AD32A} = {5FF52D0C-0B1E-30E1-878C-51EB2E3AD32A}
		{9F4BFB0B-4429-32FC-B617-12EE6FC0A5AD} = {9F4BFB0B-4429-32FC-B617-12EE6FC0A5AD}
		{44BF0729-2AF1-326F-80B2-4510E2FD6C93} = {44BF0729-2AF1-326F-80B2-4510E2FD6C93}
		{AE3CF528-8185-382A-9530-4AFAC98F174C} = {AE3CF528-8185-382A-9530-4AFAC98F174C}
		{112D44DB-2C2D-3CEB-A76F-8862E1F2CFAF} = {112D44DB-2C2D-3CEB-A76F-8862E1F2CFAF}
		{AB936DD3-D9E5-35B2-BD6D-078F6EA46F00} = {AB936DD3-D9E5-35B2-BD6D-078F6EA46F00}
		{D26B78DB-1160-3B3C-94D3-81628ABBC733} = {D26B78DB-1160-3B3C-94D3-81628ABBC733}
		{FE1EB350-D1FF-3372-94C6-1EA3793A1273} = {FE1EB350-D1FF-3372-94C6-1EA3793A1273}
		{8863F57B-3BEC-33E6-9AAD-656D47F942A9} = {8863F57B-3BEC-33E6-9AAD-656D47F942A9}
		{E62E45FE-4E26-3923-B68E-2FEE4A106452} = {E62E45FE-4E26-3923-B68E-2FEE4A106452}
		{075966E5-AA1D-33B1-A0B1-1C799998F061} = {075966E5-AA1D-33B1-A0B1-1C799998F061}
		{81E9329A-CFCC-3E54-8286-31E30FD950C1} = {81E9329A-CFCC-3E54-8286-31E30FD950C1}
		{3914E90A-A04F-31D9-895E-D0083DB95A3D} = {3914E90A-A04F-31D9-895E-D0083DB95A3D}
		{D2320D55-490F-38CC-9E10-E32F8CA8177E} = {D2320D55-490F-38CC-9E10-E32F8CA8177E}
		{2C65597F-2FE4-3406-BF28-27E08A028F80} = {2C65597F-2FE4-3406-BF28-27E08A028F80}
		{ACE9BEBA-D35B-3DD6-BCC7-F4CCFCA824AF} = {ACE9BEBA-D35B-3DD6-BCC7-F4CCFCA824AF}
		{BEB602C7-6E6A-3D67-B5DA-8A8A45EACCE6} = {BEB602C7-6E6A-3D67-B5DA-8A8A45EACCE6}
		{07D207A9-EEB6-3432-A935-D042FD4BDA7D} = {07D207A9-EEB6-3432-A935-D042FD4BDA7D}
		{ABAA604F-8F6A-31C0-8D79-B13F058C1D3C} = {ABAA604F-8F6A-31C0-8D79-B13F058C1D3C}
		{2B45B968-AE2F-308F-A533-EAEA43AD7C29} = {2B45B968-AE2F-308F-A533-EAEA43AD7C29}
		{E4CCACD9-DB5D-3B75-ABA8-A85D322D9463} = {E4CCACD9-DB5D-3B75-ABA8-A85D322D9463}
		{BB08413F-CA5D-3413-B3ED-DB2963967076} = {BB08413F-CA5D-3413-B3ED-DB2963967076}
		{79E857AC-6AC3-39E4-B353-F23D208BE763} = {79E857AC-6AC3-39E4-B353-F23D208BE763}
		{2569E74C-0780-3626-B410-55F54F23E5D9} = {2569E74C-0780-3626-B410-55F54F23E5D9}
		{95BB9C17-FEC5-347B-9020-C889D028F45D} = {95BB9C17-FEC5-347B-9020-C889D028F45D}
		{75725BDD-F0D9-326B-9036-CBC274ACADB7} = {75725BDD-F0D9-326B-9036-CBC274ACADB7}
		{839014AB-3805-39EF-A0CD-1073B6D6FE96} = {839014AB-3805-39EF-A0CD-1073B6D6FE96}
		{606B3AB5-5383-3FEF-AFE5-15CAFF3E0E65} = {606B3AB5-5383-3FEF-AFE5-15CAFF3E0E65}
		{4F9F1CD5-EE19-3945-B56D-DB4B4AE42468} = {4F9F1CD5-EE19-3945-B56D-DB4B4AE42468}
		{C905DA14-0CBD-3CFA-AB6A-06D0E685E324} = {C905DA14-0CBD-3CFA-AB6A-06D0E685E324}
		{ECE0A10F-E0F4-3446-9AFF-33A571DC41A5} = {ECE0A10F-E0F4-3446-9AFF-33A571DC41A5}
		{53654986-550C-3035-B452-305580EF480A} = {53654986-550C-3035-B452-305580EF480A}
		{9748B835-08BB-39EB-9AED-05897A8DB365} = {9748B835-08BB-39EB-9AED-05897A8DB365}
		{45A53230-0369-3347-9C6B-EF60B92110DC} = {45A53230-0369-3347-9C6B-EF60B92110DC}
		{8C3A7834-3C2E-3890-8B3F-C6A607E32684} = {8C3A7834-3C2E-3890-8B3F-C6A607E32684}
		{D5ED5659-37F6-3747-9E29-BDED08871B59} = {D5ED5659-37F6-3747-9E29-BDED08871B59}
		{698A29F8-4614-3014-A962-383A4BBEE58D} = {698A29F8-4614-3014-A962-383A4BBEE58D}
		{4E9ADEB8-3DF2-363C-81A2-C68C6FE2BC51} = {4E9ADEB8-3DF2-363C-81A2-C68C6FE2BC51}
	EndProjectSection
EndProject
Project("{8BC9CEB8-8B4A-11D0-8D11-00A0C91BC942}") = "INSTALL", "INSTALL.vcxproj", "{F223D426-C200-353A-90DB-C825C1CCC121}"
	ProjectSection(ProjectDependencies) = postProject
		{A65CE1CB-3828-3AF4-8BBF-6C826916D25F} = {A65CE1CB-3828-3AF4-8BBF-6C826916D25F}
		{B21E21BD-0AB1-334F-BF2B-7A8576FDA89E} = {B21E21BD-0AB1-334F-BF2B-7A8576FDA89E}
	EndProjectSection
EndProject
Project("{8BC9CEB8-8B4A-11D0-8D11-00A0C91BC942}") = "ZERO_CHECK", "ZERO_CHECK.vcxproj", "{B21E21BD-0AB1-334F-BF2B-7A8576FDA89E}"
	ProjectSection(ProjectDependencies) = postProject
	EndProjectSection
EndProject
Project("{8BC9CEB8-8B4A-11D0-8D11-00A0C91BC942}") = "benchmark_performance", "benchmark_performance.vcxproj", "{5FF52D0C-0B1E-30E1-878C-51EB2E3AD32A}"
	ProjectSection(ProjectDependencies) = postProject
		{B21E21BD-0AB1-334F-BF2B-7A8576FDA89E} = {B21E21BD-0AB1-334F-BF2B-7A8576FDA89E}
		{81E9329A-CFCC-3E54-8286-31E30FD950C1} = {81E9329A-CFCC-3E54-8286-31E30FD950C1}
		{8C3A7834-3C2E-3890-8B3F-C6A607E32684} = {8C3A7834-3C2E-3890-8B3F-C6A607E32684}
	EndProjectSection
EndProject
Project("{8BC9CEB8-8B4A-11D0-8D11-00A0C91BC942}") = "boing", "_deps\glfw-build\examples\boing.vcxproj", "{9F4BFB0B-4429-32FC-B617-12EE6FC0A5AD}"
	ProjectSection(ProjectDependencies) = postProject
		{B21E21BD-0AB1-334F-BF2B-7A8576FDA89E} = {B21E21BD-0AB1-334F-BF2B-7A8576FDA89E}
		{E62E45FE-4E26-3923-B68E-2FEE4A106452} = {E62E45FE-4E26-3923-B68E-2FEE4A106452}
	EndProjectSection
EndProject
Project("{8BC9CEB8-8B4A-11D0-8D11-00A0C91BC942}") = "clipboard", "_deps\glfw-build\tests\clipboard.vcxproj", "{44BF0729-2AF1-326F-80B2-4510E2FD6C93}"
	ProjectSection(ProjectDependencies) = postProject
		{B21E21BD-0AB1-334F-BF2B-7A8576FDA89E} = {B21E21BD-0AB1-334F-BF2B-7A8576FDA89E}
		{E62E45FE-4E26-3923-B68E-2FEE4A106452} = {E62E45FE-4E26-3923-B68E-2FEE4A106452}
	EndProjectSection
EndProject
Project("{8BC9CEB8-8B4A-11D0-8D11-00A0C91BC942}") = "cursor", "_deps\glfw-build\tests\cursor.vcxproj", "{AE3CF528-8185-382A-9530-4AFAC98F174C}"
	ProjectSection(ProjectDependencies) = postProject
		{B21E21BD-0AB1-334F-BF2B-7A8576FDA89E} = {B21E21BD-0AB1-334F-BF2B-7A8576FDA89E}
		{E62E45FE-4E26-3923-B68E-2FEE4A106452} = {E62E45FE-4E26-3923-B68E-2FEE4A106452}
	EndProjectSection
EndProject
Project("{8BC9CEB8-8B4A-11D0-8D11-00A0C91BC942}") = "empty", "_deps\glfw-build\tests\empty.vcxproj", "{112D44DB-2C2D-3CEB-A76F-8862E1F2CFAF}"
	ProjectSection(ProjectDependencies) = postProject
		{B21E21BD-0AB1-334F-BF2B-7A8576FDA89E} = {B21E21BD-0AB1-334F-BF2B-7A8576FDA89E}
		{E62E45FE-4E26-3923-B68E-2FEE4A106452} = {E62E45FE-4E26-3923-B68E-2FEE4A106452}
	EndProjectSection
EndProject
Project("{8BC9CEB8-8B4A-11D0-8D11-00A0C91BC942}") = "events", "_deps\glfw-build\tests\events.vcxproj", "{AB936DD3-D9E5-35B2-BD6D-078F6EA46F00}"
	ProjectSection(ProjectDependencies) = postProject
		{B21E21BD-0AB1-334F-BF2B-7A8576FDA89E} = {B21E21BD-0AB1-334F-BF2B-7A8576FDA89E}
		{E62E45FE-4E26-3923-B68E-2FEE4A106452} = {E62E45FE-4E26-3923-B68E-2FEE4A106452}
	EndProjectSection
EndProject
Project("{8BC9CEB8-8B4A-11D0-8D11-00A0C91BC942}") = "gamma", "_deps\glfw-build\tests\gamma.vcxproj", "{D26B78DB-1160-3B3C-94D3-81628ABBC733}"
	ProjectSection(ProjectDependencies) = postProject
		{B21E21BD-0AB1-334F-BF2B-7A8576FDA89E} = {B21E21BD-0AB1-334F-BF2B-7A8576FDA89E}
		{E62E45FE-4E26-3923-B68E-2FEE4A106452} = {E62E45FE-4E26-3923-B68E-2FEE4A106452}
	EndProjectSection
EndProject
Project("{8BC9CEB8-8B4A-11D0-8D11-00A0C91BC942}") = "gears", "_deps\glfw-build\examples\gears.vcxproj", "{FE1EB350-D1FF-3372-94C6-1EA3793A1273}"
	ProjectSection(ProjectDependencies) = postProject
		{B21E21BD-0AB1-334F-BF2B-7A8576FDA89E} = {B21E21BD-0AB1-334F-BF2B-7A8576FDA89E}
		{E62E45FE-4E26-3923-B68E-2FEE4A106452} = {E62E45FE-4E26-3923-B68E-2FEE4A106452}
	EndProjectSection
EndProject
Project("{8BC9CEB8-8B4A-11D0-8D11-00A0C91BC942}") = "genetic_evolution", "genetic_evolution.vcxproj", "{8863F57B-3BEC-33E6-9AAD-656D47F942A9}"
	ProjectSection(ProjectDependencies) = postProject
		{B21E21BD-0AB1-334F-BF2B-7A8576FDA89E} = {B21E21BD-0AB1-334F-BF2B-7A8576FDA89E}
		{81E9329A-CFCC-3E54-8286-31E30FD950C1} = {81E9329A-CFCC-3E54-8286-31E30FD950C1}
		{8C3A7834-3C2E-3890-8B3F-C6A607E32684} = {8C3A7834-3C2E-3890-8B3F-C6A607E32684}
	EndProjectSection
EndProject
Project("{8BC9CEB8-8B4A-11D0-8D11-00A0C91BC942}") = "glfw", "_deps\glfw-build\src\glfw.vcxproj", "{E62E45FE-4E26-3923-B68E-2FEE4A106452}"
	ProjectSection(ProjectDependencies) = postProject
		{B21E21BD-0AB1-334F-BF2B-7A8576FDA89E} = {B21E21BD-0AB1-334F-BF2B-7A8576FDA89E}
	EndProjectSection
EndProject
Project("{8BC9CEB8-8B4A-11D0-8D11-00A0C91BC942}") = "glfwinfo", "_deps\glfw-build\tests\glfwinfo.vcxproj", "{075966E5-AA1D-33B1-A0B1-1C799998F061}"
	ProjectSection(ProjectDependencies) = postProject
		{B21E21BD-0AB1-334F-BF2B-7A8576FDA89E} = {B21E21BD-0AB1-334F-BF2B-7A8576FDA89E}
		{E62E45FE-4E26-3923-B68E-2FEE4A106452} = {E62E45FE-4E26-3923-B68E-2FEE4A106452}
	EndProjectSection
EndProject
Project("{8BC9CEB8-8B4A-11D0-8D11-00A0C91BC942}") = "gpu_kernels", "gpu_kernels.vcxproj", "{81E9329A-CFCC-3E54-8286-31E30FD950C1}"
	ProjectSection(ProjectDependencies) = postProject
		{B21E21BD-0AB1-334F-BF2B-7A8576FDA89E} = {B21E21BD-0AB1-334F-BF2B-7A8576FDA89E}
	EndProjectSection
EndProject
Project("{8BC9CEB8-8B4A-11D0-8D11-00A0C91BC942}") = "heightmap", "_deps\glfw-build\examples\heightmap.vcxproj", "{3914E90A-A04F-31D9-895E-D0083DB95A3D}"
	ProjectSection(ProjectDependencies) = postProject
		{B21E21BD-0AB1-334F-BF2B-7A8576FDA89E} = {B21E21BD-0AB1-334F-BF2B-7A8576FDA89E}
		{E62E45FE-4E26-3923-B68E-2FEE4A106452} = {E62E45FE-4E26-3923-B68E-2FEE4A106452}
	EndProjectSection
EndProject
Project("{8BC9CEB8-8B4A-11D0-8D11-00A0C91BC942}") = "icon", "_deps\glfw-build\tests\icon.vcxproj", "{D2320D55-490F-38CC-9E10-E32F8CA8177E}"
	ProjectSection(ProjectDependencies) = postProject
		{B21E21BD-0AB1-334F-BF2B-7A8576FDA89E} = {B21E21BD-0AB1-334F-BF2B-7A8576FDA89E}
		{E62E45FE-4E26-3923-B68E-2FEE4A106452} = {E62E45FE-4E26-3923-B68E-2FEE4A106452}
	EndProjectSection
EndProject
Project("{8BC9CEB8-8B4A-11D0-8D11-00A0C91BC942}") = "iconify", "_deps\glfw-build\tests\iconify.vcxproj", "{2C65597F-2FE4-3406-BF28-27E08A028F80}"
	ProjectSection(ProjectDependencies) = postProject
		{B21E21BD-0AB1-334F-BF2B-7A8576FDA89E} = {B21E21BD-0AB1-334F-BF2B-7A8576FDA89E}
		{E62E45FE-4E26-3923-B68E-2FEE4A106452} = {E62E45FE-4E26-3923-B68E-2FEE4A106452}
	EndProjectSection
EndProject
Project("{8BC9CEB8-8B4A-11D0-8D11-00A0C91BC942}") = "imgui", "imgui.vcxproj", "{ACE9BEBA-D35B-3DD6-BCC7-F4CCFCA824AF}"
	ProjectSection(ProjectDependencies) = postProject
		{B21E21BD-0AB1-334F-BF2B-7A8576FDA89E} = {B21E21BD-0AB1-334F-BF2B-7A8576FDA89E}
	EndProjectSection
EndProject
Project("{8BC9CEB8-8B4A-11D0-8D11-00A0C91BC942}") = "inputlag", "_deps\glfw-build\tests\inputlag.vcxproj", "{BEB602C7-6E6A-3D67-B5DA-8A8A45EACCE6}"
	ProjectSection(ProjectDependencies) = postProject
		{B21E21BD-0AB1-334F-BF2B-7A8576FDA89E} = {B21E21BD-0AB1-334F-BF2B-7A8576FDA89E}
		{E62E45FE-4E26-3923-B68E-2FEE4A106452} = {E62E45FE-4E26-3923-B68E-2FEE4A106452}
	EndProjectSection
EndProject
Project("{8BC9CEB8-8B4A-11D0-8D11-00A0C91BC942}") = "joysticks", "_deps\glfw-build\tests\joysticks.vcxproj", "{07D207A9-EEB6-3432-A935-D042FD4BDA7D}"
	ProjectSection(ProjectDependencies) = postProject
		{B21E21BD-0AB1-334F-BF2B-7A8576FDA89E} = {B21E21BD-0AB1-334F-BF2B-7A8576FDA89E}
		{E62E45FE-4E26-3923-B68E-2FEE4A106452} = {E62E45FE-4E26-3923-B68E-2FEE4A106452}
	EndProjectSection
EndProject
Project("{8BC9CEB8-8B4A-11D0-8D11-00A0C91BC942}") = "monitors", "_deps\glfw-build\tests\monitors.vcxproj", "{ABAA604F-8F6A-31C0-8D79-B13F058C1D3C}"
	ProjectSection(ProjectDependencies) = postProject
		{B21E21BD-0AB1-334F-BF2B-7A8576FDA89E} = {B21E21BD-0AB1-334F-BF2B-7A8576FDA89E}
		{E62E45FE-4E26-3923-B68E-2FEE4A106452} = {E62E45FE-4E26-3923-B68E-2FEE4A106452}
	EndProjectSection
EndProject
Project("{8BC9CEB8-8B4A-11D0-8D11-00A0C91BC942}") = "msaa", "_deps\glfw-build\tests\msaa.vcxproj", "{2B45B968-AE2F-308F-A533-EAEA43AD7C29}"
	ProjectSection(ProjectDependencies) = postProject
		{B21E21BD-0AB1-334F-BF2B-7A8576FDA89E} = {B21E21BD-0AB1-334F-BF2B-7A8576FDA89E}
		{E62E45FE-4E26-3923-B68E-2FEE4A106452} = {E62E45FE-4E26-3923-B68E-2FEE4A106452}
	EndProjectSection
EndProject
Project("{8BC9CEB8-8B4A-11D0-8D11-00A0C91BC942}") = "offscreen", "_deps\glfw-build\examples\offscreen.vcxproj", "{E4CCACD9-DB5D-3B75-ABA8-A85D322D9463}"
	ProjectSection(ProjectDependencies) = postProject
		{B21E21BD-0AB1-334F-BF2B-7A8576FDA89E} = {B21E21BD-0AB1-334F-BF2B-7A8576FDA89E}
		{E62E45FE-4E26-3923-B68E-2FEE4A106452} = {E62E45FE-4E26-3923-B68E-2FEE4A106452}
	EndProjectSection
EndProject
Project("{8BC9CEB8-8B4A-11D0-8D11-00A0C91BC942}") = "opacity", "_deps\glfw-build\tests\opacity.vcxproj", "{BB08413F-CA5D-3413-B3ED-DB2963967076}"
	ProjectSection(ProjectDependencies) = postProject
		{B21E21BD-0AB1-334F-BF2B-7A8576FDA89E} = {B21E21BD-0AB1-334F-BF2B-7A8576FDA89E}
		{E62E45FE-4E26-3923-B68E-2FEE4A106452} = {E62E45FE-4E26-3923-B68E-2FEE4A106452}
	EndProjectSection
EndProject
Project("{8BC9CEB8-8B4A-11D0-8D11-00A0C91BC942}") = "particles", "_deps\glfw-build\examples\particles.vcxproj", "{79E857AC-6AC3-39E4-B353-F23D208BE763}"
	ProjectSection(ProjectDependencies) = postProject
		{B21E21BD-0AB1-334F-BF2B-7A8576FDA89E} = {B21E21BD-0AB1-334F-BF2B-7A8576FDA89E}
		{E62E45FE-4E26-3923-B68E-2FEE4A106452} = {E62E45FE-4E26-3923-B68E-2FEE4A106452}
	EndProjectSection
EndProject
Project("{8BC9CEB8-8B4A-11D0-8D11-00A0C91BC942}") = "reopen", "_deps\glfw-build\tests\reopen.vcxproj", "{2569E74C-0780-3626-B410-55F54F23E5D9}"
	ProjectSection(ProjectDependencies) = postProject
		{B21E21BD-0AB1-334F-BF2B-7A8576FDA89E} = {B21E21BD-0AB1-334F-BF2B-7A8576FDA89E}
		{E62E45FE-4E26-3923-B68E-2FEE4A106452} = {E62E45FE-4E26-3923-B68E-2FEE4A106452}
	EndProjectSection
EndProject
Project("{8BC9CEB8-8B4A-11D0-8D11-00A0C91BC942}") = "sharing", "_deps\glfw-build\examples\sharing.vcxproj", "{95BB9C17-FEC5-347B-9020-C889D028F45D}"
	ProjectSection(ProjectDependencies) = postProject
		{B21E21BD-0AB1-334F-BF2B-7A8576FDA89E} = {B21E21BD-0AB1-334F-BF2B-7A8576FDA89E}
		{E62E45FE-4E26-3923-B68E-2FEE4A106452} = {E62E45FE-4E26-3923-B68E-2FEE4A106452}
	EndProjectSection
EndProject
Project("{8BC9CEB8-8B4A-11D0-8D11-00A0C91BC942}") = "simple", "_deps\glfw-build\examples\simple.vcxproj", "{75725BDD-F0D9-326B-9036-CBC274ACADB7}"
	ProjectSection(ProjectDependencies) = postProject
		{B21E21BD-0AB1-334F-BF2B-7A8576FDA89E} = {B21E21BD-0AB1-334F-BF2B-7A8576FDA89E}
		{E62E45FE-4E26-3923-B68E-2FEE4A106452} = {E62E45FE-4E26-3923-B68E-2FEE4A106452}
	EndProjectSection
EndProject
Project("{8BC9CEB8-8B4A-11D0-8D11-00A0C91BC942}") = "splitview", "_deps\glfw-build\examples\splitview.vcxproj", "{839014AB-3805-39EF-A0CD-1073B6D6FE96}"
	ProjectSection(ProjectDependencies) = postProject
		{B21E21BD-0AB1-334F-BF2B-7A8576FDA89E} = {B21E21BD-0AB1-334F-BF2B-7A8576FDA89E}
		{E62E45FE-4E26-3923-B68E-2FEE4A106452} = {E62E45FE-4E26-3923-B68E-2FEE4A106452}
	EndProjectSection
EndProject
Project("{8BC9CEB8-8B4A-11D0-8D11-00A0C91BC942}") = "strategy_grid_search", "strategy_grid_search.vcxproj", "{606B3AB5-5383-3FEF-AFE5-15CAFF3E0E65}"
	ProjectSection(ProjectDependencies) = postProject
		{B21E21BD-0AB1-334F-BF2B-7A8576FDA89E} = {B21E21BD-0AB1-334F-BF2B-7A8576FDA89E}
		{81E9329A-CFCC-3E54-8286-31E30FD950C1} = {81E9329A-CFCC-3E54-8286-31E30FD950C1}
		{8C3A7834-3C2E-3890-8B3F-C6A607E32684} = {8C3A7834-3C2E-3890-8B3F-C6A607E32684}
	EndProjectSection
EndProject
Project("{8BC9CEB8-8B4A-11D0-8D11-00A0C91BC942}") = "tearing", "_deps\glfw-build\tests\tearing.vcxproj", "{4F9F1CD5-EE19-3945-B56D-DB4B4AE42468}"
	ProjectSection(ProjectDependencies) = postProject
		{B21E21BD-0AB1-334F-BF2B-7A8576FDA89E} = {B21E21BD-0AB1-334F-BF2B-7A8576FDA89E}
		{E62E45FE-4E26-3923-B68E-2FEE4A106452} = {E62E45FE-4E26-3923-B68E-2FEE4A106452}
	EndProjectSection
EndProject
Project("{8BC9CEB8-8B4A-11D0-8D11-00A0C91BC942}") = "threads", "_deps\glfw-build\tests\threads.vcxproj", "{C905DA14-0CBD-3CFA-AB6A-06D0E685E324}"
	ProjectSection(ProjectDependencies) = postProject
		{B21E21BD-0AB1-334F-BF2B-7A8576FDA89E} = {B21E21BD-0AB1-334F-BF2B-7A8576FDA89E}
		{E62E45FE-4E26-3923-B68E-2FEE4A106452} = {E62E45FE-4E26-3923-B68E-2FEE4A106452}
	EndProjectSection
EndProject
Project("{8BC9CEB8-8B4A-11D0-8D11-00A0C91BC942}") = "timeout", "_deps\glfw-build\tests\timeout.vcxproj", "{ECE0A10F-E0F4-3446-9AFF-33A571DC41A5}"
	ProjectSection(ProjectDependencies) = postProject
		{B21E21BD-0AB1-334F-BF2B-7A8576FDA89E} = {B21E21BD-0AB1-334F-BF2B-7A8576FDA89E}
		{E62E45FE-4E26-3923-B68E-2FEE4A106452} = {E62E45FE-4E26-3923-B68E-2FEE4A106452}
	EndProjectSection
EndProject
Project("{8BC9CEB8-8B4A-11D0-8D11-00A0C91BC942}") = "title", "_deps\glfw-build\tests\title.vcxproj", "{53654986-550C-3035-B452-305580EF480A}"
	ProjectSection(ProjectDependencies) = postProject
		{B21E21BD-0AB1-334F-BF2B-7A8576FDA89E} = {B21E21BD-0AB1-334F-BF2B-7A8576FDA89E}
		{E62E45FE-4E26-3923-B68E-2FEE4A106452} = {E62E45FE-4E26-3923-B68E-2FEE4A106452}
	EndProjectSection
EndProject
Project("{8BC9CEB8-8B4A-11D0-8D11-00A0C91BC942}") = "trading_bot", "trading_bot.vcxproj", "{9748B835-08BB-39EB-9AED-05897A8DB365}"
	ProjectSection(ProjectDependencies) = postProject
		{B21E21BD-0AB1-334F-BF2B-7A8576FDA89E} = {B21E21BD-0AB1-334F-BF2B-7A8576FDA89E}
		{81E9329A-CFCC-3E54-8286-31E30FD950C1} = {81E9329A-CFCC-3E54-8286-31E30FD950C1}
		{8C3A7834-3C2E-3890-8B3F-C6A607E32684} = {8C3A7834-3C2E-3890-8B3F-C6A607E32684}
	EndProjectSection
EndProject
Project("{8BC9CEB8-8B4A-11D0-8D11-00A0C91BC942}") = "trading_bot_gui", "trading_bot_gui.vcxproj", "{45A53230-0369-3347-9C6B-EF60B92110DC}"
	ProjectSection(ProjectDependencies) = postProject
		{B21E21BD-0AB1-334F-BF2B-7A8576FDA89E} = {B21E21BD-0AB1-334F-BF2B-7A8576FDA89E}
		{E62E45FE-4E26-3923-B68E-2FEE4A106452} = {E62E45FE-4E26-3923-B68E-2FEE4A106452}
		{81E9329A-CFCC-3E54-8286-31E30FD950C1} = {81E9329A-CFCC-3E54-8286-31E30FD950C1}
		{ACE9BEBA-D35B-3DD6-BCC7-F4CCFCA824AF} = {ACE9BEBA-D35B-3DD6-BCC7-F4CCFCA824AF}
		{8C3A7834-3C2E-3890-8B3F-C6A607E32684} = {8C3A7834-3C2E-3890-8B3F-C6A607E32684}
	EndProjectSection
EndProject
Project("{8BC9CEB8-8B4A-11D0-8D11-00A0C91BC942}") = "trading_core", "trading_core.vcxproj", "{8C3A7834-3C2E-3890-8B3F-C6A607E32684}"
	ProjectSection(ProjectDependencies) = postProject
		{B21E21BD-0AB1-334F-BF2B-7A8576FDA89E} = {B21E21BD-0AB1-334F-BF2B-7A8576FDA89E}
		{81E9329A-CFCC-3E54-8286-31E30FD950C1} = {81E9329A-CFCC-3E54-8286-31E30FD950C1}
	EndProjectSection
EndProject
Project("{8BC9CEB8-8B4A-11D0-8D11-00A0C91BC942}") = "triangle-vulkan", "_deps\glfw-build\tests\triangle-vulkan.vcxproj", "{D5ED5659-37F6-3747-9E29-BDED08871B59}"
	ProjectSection(ProjectDependencies) = postProject
		{B21E21BD-0AB1-334F-BF2B-7A8576FDA89E} = {B21E21BD-0AB1-334F-BF2B-7A8576FDA89E}
		{E62E45FE-4E26-3923-B68E-2FEE4A106452} = {E62E45FE-4E26-3923-B68E-2FEE4A106452}
	EndProjectSection
EndProject
Project("{8BC9CEB8-8B4A-11D0-8D11-00A0C91BC942}") = "uninstall", "_deps\glfw-build\uninstall.vcxproj", "{58527F9F-A3B5-3155-9840-4A8ECAC84A48}"
	ProjectSection(ProjectDependencies) = postProject
		{B21E21BD-0AB1-334F-BF2B-7A8576FDA89E} = {B21E21BD-0AB1-334F-BF2B-7A8576FDA89E}
	EndProjectSection
EndProject
Project("{8BC9CEB8-8B4A-11D0-8D11-00A0C91BC942}") = "update_mappings", "_deps\glfw-build\src\update_mappings.vcxproj", "{1CC66BCA-561B-3CE8-ADB5-5E7590D65DEE}"
	ProjectSection(ProjectDependencies) = postProject
		{B21E21BD-0AB1-334F-BF2B-7A8576FDA89E} = {B21E21BD-0AB1-334F-BF2B-7A8576FDA89E}
	EndProjectSection
EndProject
Project("{8BC9CEB8-8B4A-11D0-8D11-00A0C91BC942}") = "wave", "_deps\glfw-build\examples\wave.vcxproj", "{698A29F8-4614-3014-A962-383A4BBEE58D}"
	ProjectSection(ProjectDependencies) = postProject
		{B21E21BD-0AB1-334F-BF2B-7A8576FDA89E} = {B21E21BD-0AB1-334F-BF2B-7A8576FDA89E}
		{E62E45FE-4E26-3923-B68E-2FEE4A106452} = {E62E45FE-4E26-3923-B68E-2FEE4A106452}
	EndProjectSection
EndProject
Project("{8BC9CEB8-8B4A-11D0-8D11-00A0C91BC942}") = "windows", "_deps\glfw-build\tests\windows.vcxproj", "{4E9ADEB8-3DF2-363C-81A2-C68C6FE2BC51}"
	ProjectSection(ProjectDependencies) = postProject
		{B21E21BD-0AB1-334F-BF2B-7A8576FDA89E} = {B21E21BD-0AB1-334F-BF2B-7A8576FDA89E}
		{E62E45FE-4E26-3923-B68E-2FEE4A106452} = {E62E45FE-4E26-3923-B68E-2FEE4A106452}
	EndProjectSection
EndProject
Global
	GlobalSection(SolutionConfigurationPlatforms) = preSolution
		Debug|x64 = Debug|x64
		Release|x64 = Release|x64
		MinSizeRel|x64 = MinSizeRel|x64
		RelWithDebInfo|x64 = RelWithDebInfo|x64
	EndGlobalSection
	GlobalSection(ProjectConfigurationPlatforms) = postSolution
		{A65CE1CB-3828-3AF4-8BBF-6C826916D25F}.Debug|x64.ActiveCfg = Debug|x64
		{A65CE1CB-3828-3AF4-8BBF-6C826916D25F}.Debug|x64.Build.0 = Debug|x64
		{A65CE1CB-3828-3AF4-8BBF-6C826916D25F}.Release|x64.ActiveCfg = Release|x64
		{A65CE1CB-3828-3AF4-8BBF-6C826916D25F}.Release|x64.Build.0 = Release|x64
		{A65CE1CB-3828-3AF4-8BBF-6C826916D25F}.MinSizeRel|x64.ActiveCfg = MinSizeRel|x64
		{A65CE1CB-3828-3AF4-8BBF-6C826916D25F}.MinSizeRel|x64.Build.0 = MinSizeRel|x64
		{A65CE1CB-3828-3AF4-8BBF-6C826916D25F}.RelWithDebInfo|x64.ActiveCfg = RelWithDebInfo|x64
		{A65CE1CB-3828-3AF4-8BBF-6C826916D25F}.RelWithDebInfo|x64.Build.0 = RelWithDebInfo|x64
		{F223D426-C200-353A-90DB-C825C1CCC121}.Debug|x64.ActiveCfg = Debug|x64
		{F223D426-C200-353A-90DB-C825C1CCC121}.Release|x64.ActiveCfg = Release|x64
		{F223D426-C200-353A-90DB-C825C1CCC121}.MinSizeRel|x64.ActiveCfg = MinSizeRel|x64
		{F223D426-C200-353A-90DB-C825C1CCC121}.RelWithDebInfo|x64.ActiveCfg = RelWithDebInfo|x64
		{B21E21BD-0AB1-334F-BF2B-7A8576FDA89E}.Debug|x64.ActiveCfg = Debug|x64
		{B21E21BD-0AB1-334F-BF2B-7A8576FDA89E}.Debug|x64.Build.0 = Debug|x64
		{B21E21BD-0AB1-334F-BF2B-7A8576FDA89E}.Release|x64.ActiveCfg = Release|x64
		{B21E21BD-0AB1-334F-BF2B-7A8576FDA89E}.Release|x64.Build.0 = Release|x64
		{B21E21BD-0AB1-334F-BF2B-7A8576FDA89E}.MinSizeRel|x64.ActiveCfg = MinSizeRel|x64
		{B21E21BD-0AB1-334F-BF2B-7A8576FDA89E}.MinSizeRel|x64.Build.0 = MinSizeRel|x64
		{B21E21BD-0AB1-334F-BF2B-7A8576FDA89E}.RelWithDebInfo|x64.ActiveCfg = RelWithDebInfo|x64
		{B21E21BD-0AB1-334F-BF2B-7A8576FDA89E}.RelWithDebInfo|x64.Build.0 = RelWithDebInfo|x64
		{5FF52D0C-0B1E-30E1-878C-51EB2E3AD32A}.Debug|x64.ActiveCfg = Debug|x64
		{5FF52D0C-0B1E-30E1-878C-51EB2E3AD32A}.Debug|x64.Build.0 = Debug|x64
		{5FF52D0C-0B1E-30E1-878C-51EB2E3AD32A}.Release|x64.ActiveCfg = Release|x64
		{5FF52D0C-0B1E-30E1-878C-51EB2E3AD32A}.Release|x64.Build.0 = Release|x64
		{5FF52D0C-0B1E-30E1-878C-51EB2E3AD32A}.MinSizeRel|x64.ActiveCfg = MinSizeRel|x64
		{5FF52D0C-0B1E-30E1-878C-51EB2E3AD32A}.MinSizeRel|x64.Build.0 = MinSizeRel|x64
		{5FF52D0C-0B1E-30E1-878C-51EB2E3AD32A}.RelWithDebInfo|x64.ActiveCfg = RelWithDebInfo|x64
		{5FF52D0C-0B1E-30E1-878C-51EB2E3AD32A}.RelWithDebInfo|x64.Build.0 = RelWithDebInfo|x64
		{9F4BFB0B-4429-32FC-B617-12EE6FC0A5AD}.Debug|x64.ActiveCfg = Debug|x64
		{9F4BFB0B-4429-32FC-B617-12EE6FC0A5AD}.Debug|x64.Build.0 = Debug|x64
		{9F4BFB0B-4429-32FC-B617-12EE6FC0A5AD}.Release|x64.ActiveCfg = Release|x64
		{9F4BFB0B-4429-32FC-B617-12EE6FC0A5AD}.Release|x64.Build.0 = Release|x64
		{9F4BFB0B-4429-32FC-B617-12EE6FC0A5AD}.MinSizeRel|x64.ActiveCfg = MinSizeRel|x64
		{9F4BFB0B-4429-32FC-B617-12EE6FC0A5AD}.MinSizeRel|x64.Build.0 = MinSizeRel|x64
		{9F4BFB0B-4429-32FC-B617-12EE6FC0A5AD}.RelWithDebInfo|x64.ActiveCfg = RelWithDebInfo|x64
		{9F4BFB0B-4429-32FC-B617-12EE6FC0A5AD}.RelWithDebInfo|x64.Build.0 = RelWithDebInfo|x64
		{44BF0729-2AF1-326F-80B2-4510E2FD6C93}.Debug|x64.ActiveCfg = Debug|x64
		{44BF0729-2AF1-326F-80B2-4510E2FD6C93}.Debug|x64.Build.0 = Debug|x64
		{44BF0729-2AF1-326F-80B2-4510E2FD6C93}.Release|x64.ActiveCfg = Release|x64
		{44BF0729-2AF1-326F-80B2-4510E2FD6C93}.Release|x64.Build.0 = Release|x64
		{44BF0729-2AF1-326F-80B2-4510E2FD6C93}.MinSizeRel|x64.ActiveCfg = MinSizeRel|x64
		{44BF0729-2AF1-326F-80B2-4510E2FD6C93}.MinSizeRel|x64.Build.0 = MinSizeRel|x64
		{44BF0729-2AF1-326F-80B2-4510E2FD6C93}.RelWithDebInfo|x64.ActiveCfg = RelWithDebInfo|x64
		{44BF0729-2AF1-326F-80B2-4510E2FD6C93}.RelWithDebInfo|x64.Build.0 = RelWithDebInfo|x64
		{AE3CF528-8185-382A-9530-4AFAC98F174C}.Debug|x64.ActiveCfg = Debug|x64
		{AE3CF528-8185-382A-9530-4AFAC98F174C}.Debug|x64.Build.0 = Debug|x64
		{AE3CF528-8185-382A-9530-4AFAC98F174C}.Release|x64.ActiveCfg = Release|x64
		{AE3CF528-8185-382A-9530-4AFAC98F174C}.Release|x64.Build.0 = Release|x64
		{AE3CF528-8185-382A-9530-4AFAC98F174C}.MinSizeRel|x64.ActiveCfg = MinSizeRel|x64
		{AE3CF528-8185-382A-9530-4AFAC98F174C}.MinSizeRel|x64.Build.0 = MinSizeRel|x64
		{AE3CF528-8185-382A-9530-4AFAC98F174C}.RelWithDebInfo|x64.ActiveCfg = RelWithDebInfo|x64
		{AE3CF528-8185-382A-9530-4AFAC98F174C}.RelWithDebInfo|x64.Build.0 = RelWithDebInfo|x64
		{112D44DB-2C2D-3CEB-A76F-8862E1F2CFAF}.Debug|x64.ActiveCfg = Debug|x64
		{112D44DB-2C2D-3CEB-A76F-8862E1F2CFAF}.Debug|x64.Build.0 = Debug|x64
		{112D44DB-2C2D-3CEB-A76F-8862E1F2CFAF}.Release|x64.ActiveCfg = Release|x64
		{112D44DB-2C2D-3CEB-A76F-8862E1F2CFAF}.Release|x64.Build.0 = Release|x64
		{112D44DB-2C2D-3CEB-A76F-8862E1F2CFAF}.MinSizeRel|x64.ActiveCfg = MinSizeRel|x64
		{112D44DB-2C2D-3CEB-A76F-8862E1F2CFAF}.MinSizeRel|x64.Build.0 = MinSizeRel|x64
		{112D44DB-2C2D-3CEB-A76F-8862E1F2CFAF}.RelWithDebInfo|x64.ActiveCfg = RelWithDebInfo|x64
		{112D44DB-2C2D-3CEB-A76F-8862E1F2CFAF}.RelWithDebInfo|x64.Build.0 = RelWithDebInfo|x64
		{AB936DD3-D9E5-35B2-BD6D-078F6EA46F00}.Debug|x64.ActiveCfg = Debug|x64
		{AB936DD3-D9E5-35B2-BD6D-078F6EA46F00}.Debug|x64.Build.0 = Debug|x64
		{AB936DD3-D9E5-35B2-BD6D-078F6EA46F00}.Release|x64.ActiveCfg = Release|x64
		{AB936DD3-D9E5-35B2-BD6D-078F6EA46F00}.Release|x64.Build.0 = Release|x64
		{AB936DD3-D9E5-35B2-BD6D-078F6EA46F00}.MinSizeRel|x64.ActiveCfg = MinSizeRel|x64
		{AB936DD3-D9E5-35B2-BD6D-078F6EA46F00}.MinSizeRel|x64.Build.0 = MinSizeRel|x64
		{AB936DD3-D9E5-35B2-BD6D-078F6EA46F00}.RelWithDebInfo|x64.ActiveCfg = RelWithDebInfo|x64
		{AB936DD3-D9E5-35B2-BD6D-078F6EA46F00}.RelWithDebInfo|x64.Build.0 = RelWithDebInfo|x64
		{D26B78DB-1160-3B3C-94D3-81628ABBC733}.Debug|x64.ActiveCfg = Debug|x64
		{D26B78DB-1160-3B3C-94D3-81628ABBC733}.Debug|x64.Build.0 = Debug|x64
		{D26B78DB-1160-3B3C-94D3-81628ABBC733}.Release|x64.ActiveCfg = Release|x64
		{D26B78DB-1160-3B3C-94D3-81628ABBC733}.Release|x64.Build.0 = Release|x64
		{D26B78DB-1160-3B3C-94D3-81628ABBC733}.MinSizeRel|x64.ActiveCfg = MinSizeRel|x64
		{D26B78DB-1160-3B3C-94D3-81628ABBC733}.MinSizeRel|x64.Build.0 = MinSizeRel|x64
		{D26B78DB-1160-3B3C-94D3-81628ABBC733}.RelWithDebInfo|x64.ActiveCfg = RelWithDebInfo|x64
		{D26B78DB-1160-3B3C-94D3-81628ABBC733}.RelWithDebInfo|x64.Build.0 = RelWithDebInfo|x64
		{FE1EB350-D1FF-3372-94C6-1EA3793A1273}.Debug|x64.ActiveCfg = Debug|x64
		{FE1EB350-D1FF-3372-94C6-1EA3793A1273}.Debug|x64.Build.0 = Debug|x64
		{FE1EB350-D1FF-3372-94C6-1EA3793A1273}.Release|x64.ActiveCfg = Release|x64
		{FE1EB350-D1FF-3372-94C6-1EA3793A1273}.Release|x64.Build.0 = Release|x64
		{FE1EB350-D1FF-3372-94C6-1EA3793A1273}.MinSizeRel|x64.ActiveCfg = MinSizeRel|x64
		{FE1EB350-D1FF-3372-94C6-1EA3793A1273}.MinSizeRel|x64.Build.0 = MinSizeRel|x64
		{FE1EB350-D1FF-3372-94C6-1EA3793A1273}.RelWithDebInfo|x64.ActiveCfg = RelWithDebInfo|x64
		{FE1EB350-D1FF-3372-94C6-1EA3793A1273}.RelWithDebInfo|x64.Build.0 = RelWithDebInfo|x64
		{8863F57B-3BEC-33E6-9AAD-656D47F942A9}.Debug|x64.ActiveCfg = Debug|x64
		{8863F57B-3BEC-33E6-9AAD-656D47F942A9}.Debug|x64.Build.0 = Debug|x64
		{8863F57B-3BEC-33E6-9AAD-656D47F942A9}.Release|x64.ActiveCfg = Release|x64
		{8863F57B-3BEC-33E6-9AAD-656D47F942A9}.Release|x64.Build.0 = Release|x64
		{8863F57B-3BEC-33E6-9AAD-656D47F942A9}.MinSizeRel|x64.ActiveCfg = MinSizeRel|x64
		{8863F57B-3BEC-33E6-9AAD-656D47F942A9}.MinSizeRel|x64.Build.0 = MinSizeRel|x64
		{8863F57B-3BEC-33E6-9AAD-656D47F942A9}.RelWithDebInfo|x64.ActiveCfg = RelWithDebInfo|x64
		{8863F57B-3BEC-33E6-9AAD-656D47F942A9}.RelWithDebInfo|x64.Build.0 = RelWithDebInfo|x64
		{E62E45FE-4E26-3923-B68E-2FEE4A106452}.Debug|x64.ActiveCfg = Debug|x64
		{E62E45FE-4E26-3923-B68E-2FEE4A106452}.Debug|x64.Build.0 = Debug|x64
		{E62E45FE-4E26-3923-B68E-2FEE4A106452}.Release|x64.ActiveCfg = Release|x64
		{E62E45FE-4E26-3923-B68E-2FEE4A106452}.Release|x64.Build.0 = Release|x64
		{E62E45FE-4E26-3923-B68E-2FEE4A106452}.MinSizeRel|x64.ActiveCfg = MinSizeRel|x64
		{E62E45FE-4E26-3923-B68E-2FEE4A106452}.MinSizeRel|x64.Build.0 = MinSizeRel|x64
		{E62E45FE-4E26-3923-B68E-2FEE4A106452}.RelWithDebInfo|x64.ActiveCfg = RelWithDebInfo|x64
		{E62E45FE-4E26-3923-B68E-2FEE4A106452}.RelWithDebInfo|x64.Build.0 = RelWithDebInfo|x64
		{075966E5-AA1D-33B1-A0B1-1C799998F061}.Debug|x64.ActiveCfg = Debug|x64
		{075966E5-AA1D-33B1-A0B1-1C799998F061}.Debug|x64.Build.0 = Debug|x64
		{075966E5-AA1D-33B1-A0B1-1C799998F061}.Release|x64.ActiveCfg = Release|x64
		{075966E5-AA1D-33B1-A0B1-1C799998F061}.Release|x64.Build.0 = Release|x64
		{075966E5-AA1D-33B1-A0B1-1C799998F061}.MinSizeRel|x64.ActiveCfg = MinSizeRel|x64
		{075966E5-AA1D-33B1-A0B1-1C799998F061}.MinSizeRel|x64.Build.0 = MinSizeRel|x64
		{075966E5-AA1D-33B1-A0B1-1C799998F061}.RelWithDebInfo|x64.ActiveCfg = RelWithDebInfo|x64
		{075966E5-AA1D-33B1-A0B1-1C799998F061}.RelWithDebInfo|x64.Build.0 = RelWithDebInfo|x64
		{81E9329A-CFCC-3E54-8286-31E30FD950C1}.Debug|x64.ActiveCfg = Debug|x64
		{81E9329A-CFCC-3E54-8286-31E30FD950C1}.Debug|x64.Build.0 = Debug|x64
		{81E9329A-CFCC-3E54-8286-31E30FD950C1}.Release|x64.ActiveCfg = Release|x64
		{81E9329A-CFCC-3E54-8286-31E30FD950C1}.Release|x64.Build.0 = Release|x64
		{81E9329A-CFCC-3E54-8286-31E30FD950C1}.MinSizeRel|x64.ActiveCfg = MinSizeRel|x64
		{81E9329A-CFCC-3E54-8286-31E30FD950C1}.MinSizeRel|x64.Build.0 = MinSizeRel|x64
		{81E9329A-CFCC-3E54-8286-31E30FD950C1}.RelWithDebInfo|x64.ActiveCfg = RelWithDebInfo|x64
		{81E9329A-CFCC-3E54-8286-31E30FD950C1}.RelWithDebInfo|x64.Build.0 = RelWithDebInfo|x64
		{3914E90A-A04F-31D9-895E-D0083DB95A3D}.Debug|x64.ActiveCfg = Debug|x64
		{3914E90A-A04F-31D9-895E-D0083DB95A3D}.Debug|x64.Build.0 = Debug|x64
		{3914E90A-A04F-31D9-895E-D0083DB95A3D}.Release|x64.ActiveCfg = Release|x64
		{3914E90A-A04F-31D9-895E-D0083DB95A3D}.Release|x64.Build.0 = Release|x64
		{3914E90A-A04F-31D9-895E-D0083DB95A3D}.MinSizeRel|x64.ActiveCfg = MinSizeRel|x64
		{3914E90A-A04F-31D9-895E-D0083DB95A3D}.MinSizeRel|x64.Build.0 = MinSizeRel|x64
		{3914E90A-A04F-31D9-895E-D0083DB95A3D}.RelWithDebInfo|x64.ActiveCfg = RelWithDebInfo|x64
		{3914E90A-A04F-31D9-895E-D0083DB95A3D}.RelWithDebInfo|x64.Build.0 = RelWithDebInfo|x64
		{D2320D55-490F-38CC-9E10-E32F8CA8177E}.Debug|x64.ActiveCfg = Debug|x64
		{D2320D55-490F-38CC-9E10-E32F8CA8177E}.Debug|x64.Build.0 = Debug|x64
		{D2320D55-490F-38CC-9E10-E32F8CA8177E}.Release|x64.ActiveCfg = Release|x64
		{D2320D55-490F-38CC-9E10-E32F8CA8177E}.Release|x64.Build.0 = Release|x64
		{D2320D55-490F-38CC-9E10-E32F8CA8177E}.MinSizeRel|x64.ActiveCfg = MinSizeRel|x64
		{D2320D55-490F-38CC-9E10-E32F8CA8177E}.MinSizeRel|x64.Build.0 = MinSizeRel|x64
		{D2320D55-490F-38CC-9E10-E32F8CA8177E}.RelWithDebInfo|x64.ActiveCfg = RelWithDebInfo|x64
		{D2320D55-490F-38CC-9E10-E32F8CA8177E}.RelWithDebInfo|x64.Build.0 = RelWithDebInfo|x64
		{2C65597F-2FE4-3406-BF28-27E08A028F80}.Debug|x64.ActiveCfg = Debug|x64
		{2C65597F-2FE4-3406-BF28-27E08A028F80}.Debug|x64.Build.0 = Debug|x64
		{2C65597F-2FE4-3406-BF28-27E08A028F80}.Release|x64.ActiveCfg = Release|x64
		{2C65597F-2FE4-3406-BF28-27E08A028F80}.Release|x64.Build.0 = Release|x64
		{2C65597F-2FE4-3406-BF28-27E08A028F80}.MinSizeRel|x64.ActiveCfg = MinSizeRel|x64
		{2C65597F-2FE4-3406-BF28-27E08A028F80}.MinSizeRel|x64.Build.0 = MinSizeRel|x64
		{2C65597F-2FE4-3406-BF28-27E08A028F80}.RelWithDebInfo|x64.ActiveCfg = RelWithDebInfo|x64
		{2C65597F-2FE4-3406-BF28-27E08A028F80}.RelWithDebInfo|x64.Build.0 = RelWithDebInfo|x64
		{ACE9BEBA-D35B-3DD6-BCC7-F4CCFCA824AF}.Debug|x64.ActiveCfg = Debug|x64
		{ACE9BEBA-D35B-3DD6-BCC7-F4CCFCA824AF}.Debug|x64.Build.0 = Debug|x64
		{ACE9BEBA-D35B-3DD6-BCC7-F4CCFCA824AF}.Release|x64.ActiveCfg = Release|x64
		{ACE9BEBA-D35B-3DD6-BCC7-F4CCFCA824AF}.Release|x64.Build.0 = Release|x64
		{ACE9BEBA-D35B-3DD6-BCC7-F4CCFCA824AF}.MinSizeRel|x64.ActiveCfg = MinSizeRel|x64
		{ACE9BEBA-D35B-3DD6-BCC7-F4CCFCA824AF}.MinSizeRel|x64.Build.0 = MinSizeRel|x64
		{ACE9BEBA-D35B-3DD6-BCC7-F4CCFCA824AF}.RelWithDebInfo|x64.ActiveCfg = RelWithDebInfo|x64
		{ACE9BEBA-D35B-3DD6-BCC7-F4CCFCA824AF}.RelWithDebInfo|x64.Build.0 = RelWithDebInfo|x64
		{BEB602C7-6E6A-3D67-B5DA-8A8A45EACCE6}.Debug|x64.ActiveCfg = Debug|x64
		{BEB602C7-6E6A-3D67-B5DA-8A8A45EACCE6}.Debug|x64.Build.0 = Debug|x64
		{BEB602C7-6E6A-3D67-B5DA-8A8A45EACCE6}.Release|x64.ActiveCfg = Release|x64
		{BEB602C7-6E6A-3D67-B5DA-8A8A45EACCE6}.Release|x64.Build.0 = Release|x64
		{BEB602C7-6E6A-3D67-B5DA-8A8A45EACCE6}.MinSizeRel|x64.ActiveCfg = MinSizeRel|x64
		{BEB602C7-6E6A-3D67-B5DA-8A8A45EACCE6}.MinSizeRel|x64.Build.0 = MinSizeRel|x64
		{BEB602C7-6E6A-3D67-B5DA-8A8A45EACCE6}.RelWithDebInfo|x64.ActiveCfg = RelWithDebInfo|x64
		{BEB602C7-6E6A-3D67-B5DA-8A8A45EACCE6}.RelWithDebInfo|x64.Build.0 = RelWithDebInfo|x64
		{07D207A9-EEB6-3432-A935-D042FD4BDA7D}.Debug|x64.ActiveCfg = Debug|x64
		{07D207A9-EEB6-3432-A935-D042FD4BDA7D}.Debug|x64.Build.0 = Debug|x64
		{07D207A9-EEB6-3432-A935-D042FD4BDA7D}.Release|x64.ActiveCfg = Release|x64
		{07D207A9-EEB6-3432-A935-D042FD4BDA7D}.Release|x64.Build.0 = Release|x64
		{07D207A9-EEB6-3432-A935-D042FD4BDA7D}.MinSizeRel|x64.ActiveCfg = MinSizeRel|x64
		{07D207A9-EEB6-3432-A935-D042FD4BDA7D}.MinSizeRel|x64.Build.0 = MinSizeRel|x64
		{07D207A9-EEB6-3432-A935-D042FD4BDA7D}.RelWithDebInfo|x64.ActiveCfg = RelWithDebInfo|x64
		{07D207A9-EEB6-3432-A935-D042FD4BDA7D}.RelWithDebInfo|x64.Build.0 = RelWithDebInfo|x64
		{ABAA604F-8F6A-31C0-8D79-B13F058C1D3C}.Debug|x64.ActiveCfg = Debug|x64
		{ABAA604F-8F6A-31C0-8D79-B13F058C1D3C}.Debug|x64.Build.0 = Debug|x64
		{ABAA604F-8F6A-31C0-8D79-B13F058C1D3C}.Release|x64.ActiveCfg = Release|x64
		{ABAA604F-8F6A-31C0-8D79-B13F058C1D3C}.Release|x64.Build.0 = Release|x64
		{ABAA604F-8F6A-31C0-8D79-B13F058C1D3C}.MinSizeRel|x64.ActiveCfg = MinSizeRel|x64
		{ABAA604F-8F6A-31C0-8D79-B13F058C1D3C}.MinSizeRel|x64.Build.0 = MinSizeRel|x64
		{ABAA604F-8F6A-31C0-8D79-B13F058C1D3C}.RelWithDebInfo|x64.ActiveCfg = RelWithDebInfo|x64
		{ABAA604F-8F6A-31C0-8D79-B13F058C1D3C}.RelWithDebInfo|x64.Build.0 = RelWithDebInfo|x64
		{2B45B968-AE2F-308F-A533-EAEA43AD7C29}.Debug|x64.ActiveCfg = Debug|x64
		{2B45B968-AE2F-308F-A533-EAEA43AD7C29}.Debug|x64.Build.0 = Debug|x64
		{2B45B968-AE2F-308F-A533-EAEA43AD7C29}.Release|x64.ActiveCfg = Release|x64
		{2B45B968-AE2F-308F-A533-EAEA43AD7C29}.Release|x64.Build.0 = Release|x64
		{2B45B968-AE2F-308F-A533-EAEA43AD7C29}.MinSizeRel|x64.ActiveCfg = MinSizeRel|x64
		{2B45B968-AE2F-308F-A533-EAEA43AD7C29}.MinSizeRel|x64.Build.0 = MinSizeRel|x64
		{2B45B968-AE2F-308F-A533-EAEA43AD7C29}.RelWithDebInfo|x64.ActiveCfg = RelWithDebInfo|x64
		{2B45B968-AE2F-308F-A533-EAEA43AD7C29}.RelWithDebInfo|x64.Build.0 = RelWithDebInfo|x64
		{E4CCACD9-DB5D-3B75-ABA8-A85D322D9463}.Debug|x64.ActiveCfg = Debug|x64
		{E4CCACD9-DB5D-3B75-ABA8-A85D322D9463}.Debug|x64.Build.0 = Debug|x64
		{E4CCACD9-DB5D-3B75-ABA8-A85D322D9463}.Release|x64.ActiveCfg = Release|x64
		{E4CCACD9-DB5D-3B75-ABA8-A85D322D9463}.Release|x64.Build.0 = Release|x64
		{E4CCACD9-DB5D-3B75-ABA8-A85D322D9463}.MinSizeRel|x64.ActiveCfg = MinSizeRel|x64
		{E4CCACD9-DB5D-3B75-ABA8-A85D322D9463}.MinSizeRel|x64.Build.0 = MinSizeRel|x64
		{E4CCACD9-DB5D-3B75-ABA8-A85D322D9463}.RelWithDebInfo|x64.ActiveCfg = RelWithDebInfo|x64
		{E4CCACD9-DB5D-3B75-ABA8-A85D322D9463}.RelWithDebInfo|x64.Build.0 = RelWithDebInfo|x64
		{BB08413F-CA5D-3413-B3ED-DB2963967076}.Debug|x64.ActiveCfg = Debug|x64
		{BB08413F-CA5D-3413-B3ED-DB2963967076}.Debug|x64.Build.0 = Debug|x64
		{BB08413F-CA5D-3413-B3ED-DB2963967076}.Release|x64.ActiveCfg = Release|x64
		{BB08413F-CA5D-3413-B3ED-DB2963967076}.Release|x64.Build.0 = Release|x64
		{BB08413F-CA5D-3413-B3ED-DB2963967076}.MinSizeRel|x64.ActiveCfg = MinSizeRel|x64
		{BB08413F-CA5D-3413-B3ED-DB2963967076}.MinSizeRel|x64.Build.0 = MinSizeRel|x64
		{BB08413F-CA5D-3413-B3ED-DB2963967076}.RelWithDebInfo|x64.ActiveCfg = RelWithDebInfo|x64
		{BB08413F-CA5D-3413-B3ED-DB2963967076}.RelWithDebInfo|x64.Build.0 = RelWithDebInfo|x64
		{79E857AC-6AC3-39E4-B353-F23D208BE763}.Debug|x64.ActiveCfg = Debug|x64
		{79E857AC-6AC3-39E4-B353-F23D208BE763}.Debug|x64.Build.0 = Debug|x64
		{79E857AC-6AC3-39E4-B353-F23D208BE763}.Release|x64.ActiveCfg = Release|x64
		{79E857AC-6AC3-39E4-B353-F23D208BE763}.Release|x64.Build.0 = Release|x64
		{79E857AC-6AC3-39E4-B353-F23D208BE763}.MinSizeRel|x64.ActiveCfg = MinSizeRel|x64
		{79E857AC-6AC3-39E4-B353-F23D208BE763}.MinSizeRel|x64.Build.0 = MinSizeRel|x64
		{79E857AC-6AC3-39E4-B353-F23D208BE763}.RelWithDebInfo|x64.ActiveCfg = RelWithDebInfo|x64
		{79E857AC-6AC3-39E4-B353-F23D208BE763}.RelWithDebInfo|x64.Build.0 = RelWithDebInfo|x64
		{2569E74C-0780-3626-B410-55F54F23E5D9}.Debug|x64.ActiveCfg = Debug|x64
		{2569E74C-0780-3626-B410-55F54F23E5D9}.Debug|x64.Build.0 = Debug|x64
		{2569E74C-0780-3626-B410-55F54F23E5D9}.Release|x64.ActiveCfg = Release|x64
		{2569E74C-0780-3626-B410-55F54F23E5D9}.Release|x64.Build.0 = Release|x64
		{2569E74C-0780-3626-B410-55F54F23E5D9}.MinSizeRel|x64.ActiveCfg = MinSizeRel|x64
		{2569E74C-0780-3626-B410-55F54F23E5D9}.MinSizeRel|x64.Build.0 = MinSizeRel|x64
		{2569E74C-0780-3626-B410-55F54F23E5D9}.RelWithDebInfo|x64.ActiveCfg = RelWithDebInfo|x64
		{2569E74C-0780-3626-B410-55F54F23E5D9}.RelWithDebInfo|x64.Build.0 = RelWithDebInfo|x64
		{95BB9C17-FEC5-347B-9020-C889D028F45D}.Debug|x64.ActiveCfg = Debug|x64
		{95BB9C17-FEC5-347B-9020-C889D028F45D}.Debug|x64.Build.0 = Debug|x64
		{95BB9C17-FEC5-347B-9020-C889D028F45D}.Release|x64.ActiveCfg = Release|x64
		{95BB9C17-FEC5-347B-9020-C889D028F45D}.Release|x64.Build.0 = Release|x64
		{95BB9C17-FEC5-347B-9020-C889D028F45D}.MinSizeRel|x64.ActiveCfg = MinSizeRel|x64
		{95BB9C17-FEC5-347B-9020-C889D028F45D}.MinSizeRel|x64.Build.0 = MinSizeRel|x64
		{95BB9C17-FEC5-347B-9020-C889D028F45D}.RelWithDebInfo|x64.ActiveCfg = RelWithDebInfo|x64
		{95BB9C17-FEC5-347B-9020-C889D028F45D}.RelWithDebInfo|x64.Build.0 = RelWithDebInfo|x64
		{75725BDD-F0D9-326B-9036-CBC274ACADB7}.Debug|x64.ActiveCfg = Debug|x64
		{75725BDD-F0D9-326B-9036-CBC274ACADB7}.Debug|x64.Build.0 = Debug|x64
		{75725BDD-F0D9-326B-9036-CBC274ACADB7}.Release|x64.ActiveCfg = Release|x64
		{75725BDD-F0D9-326B-9036-CBC274ACADB7}.Release|x64.Build.0 = Release|x64
		{75725BDD-F0D9-326B-9036-CBC274ACADB7}.MinSizeRel|x64.ActiveCfg = MinSizeRel|x64
		{75725BDD-F0D9-326B-9036-CBC274ACADB7}.MinSizeRel|x64.Build.0 = MinSizeRel|x64
		{75725BDD-F0D9-326B-9036-CBC274ACADB7}.RelWithDebInfo|x64.ActiveCfg = RelWithDebInfo|x64
		{75725BDD-F0D9-326B-9036-CBC274ACADB7}.RelWithDebInfo|x64.Build.0 = RelWithDebInfo|x64
		{839014AB-3805-39EF-A0CD-1073B6D6FE96}.Debug|x64.ActiveCfg = Debug|x64
		{839014AB-3805-39EF-A0CD-1073B6D6FE96}.Debug|x64.Build.0 = Debug|x64
		{839014AB-3805-39EF-A0CD-1073B6D6FE96}.Release|x64.ActiveCfg = Release|x64
		{839014AB-3805-39EF-A0CD-1073B6D6FE96}.Release|x64.Build.0 = Release|x64
		{839014AB-3805-39EF-A0CD-1073B6D6FE96}.MinSizeRel|x64.ActiveCfg = MinSizeRel|x64
		{839014AB-3805-39EF-A0CD-1073B6D6FE96}.MinSizeRel|x64.Build.0 = MinSizeRel|x64
		{839014AB-3805-39EF-A0CD-1073B6D6FE96}.RelWithDebInfo|x64.ActiveCfg = RelWithDebInfo|x64
		{839014AB-3805-39EF-A0CD-1073B6D6FE96}.RelWithDebInfo|x64.Build.0 = RelWithDebInfo|x64
		{606B3AB5-5383-3FEF-AFE5-15CAFF3E0E65}.Debug|x64.ActiveCfg = Debug|x64
		{606B3AB5-5383-3FEF-AFE5-15CAFF3E0E65}.Debug|x64.Build.0 = Debug|x64
		{606B3AB5-5383-3FEF-AFE5-15CAFF3E0E65}.Release|x64.ActiveCfg = Release|x64
		{606B3AB5-5383-3FEF-AFE5-15CAFF3E0E65}.Release|x64.Build.0 = Release|x64
		{606B3AB5-5383-3FEF-AFE5-15CAFF3E0E65}.MinSizeRel|x64.ActiveCfg = MinSizeRel|x64
		{606B3AB5-5383-3FEF-AFE5-15CAFF3E0E65}.MinSizeRel|x64.Build.0 = MinSizeRel|x64
		{606B3AB5-5383-3FEF-AFE5-15CAFF3E0E65}.RelWithDebInfo|x64.ActiveCfg = RelWithDebInfo|x64
		{606B3AB5-5383-3FEF-AFE5-15CAFF3E0E65}.RelWithDebInfo|x64.Build.0 = RelWithDebInfo|x64
		{4F9F1CD5-EE19-3945-B56D-DB4B4AE42468}.Debug|x64.ActiveCfg = Debug|x64
		{4F9F1CD5-EE19-3945-B56D-DB4B4AE42468}.Debug|x64.Build.0 = Debug|x64
		{4F9F1CD5-EE19-3945-B56D-DB4B4AE42468}.Release|x64.ActiveCfg = Release|x64
		{4F9F1CD5-EE19-3945-B56D-DB4B4AE42468}.Release|x64.Build.0 = Release|x64
		{4F9F1CD5-EE19-3945-B56D-DB4B4AE42468}.MinSizeRel|x64.ActiveCfg = MinSizeRel|x64
		{4F9F1CD5-EE19-3945-B56D-DB4B4AE42468}.MinSizeRel|x64.Build.0 = MinSizeRel|x64
		{4F9F1CD5-EE19-3945-B56D-DB4B4AE42468}.RelWithDebInfo|x64.ActiveCfg = RelWithDebInfo|x64
		{4F9F1CD5-EE19-3945-B56D-DB4B4AE42468}.RelWithDebInfo|x64.Build.0 = RelWithDebInfo|x64
		{C905DA14-0CBD-3CFA-AB6A-06D0E685E324}.Debug|x64.ActiveCfg = Debug|x64
		{C905DA14-0CBD-3CFA-AB6A-06D0E685E324}.Debug|x64.Build.0 = Debug|x64
		{C905DA14-0CBD-3CFA-AB6A-06D0E685E324}.Release|x64.ActiveCfg = Release|x64
		{C905DA14-0CBD-3CFA-AB6A-06D0E685E324}.Release|x64.Build.0 = Release|x64
		{C905DA14-0CBD-3CFA-AB6A-06D0E685E324}.MinSizeRel|x64.ActiveCfg = MinSizeRel|x64
		{C905DA14-0CBD-3CFA-AB6A-06D0E685E324}.MinSizeRel|x64.Build.0 = MinSizeRel|x64
		{C905DA14-0CBD-3CFA-AB6A-06D0E685E324}.RelWithDebInfo|x64.ActiveCfg = RelWithDebInfo|x64
		{C905DA14-0CBD-3CFA-AB6A-06D0E685E324}.RelWithDebInfo|x64.Build.0 = RelWithDebInfo|x64
		{ECE0A10F-E0F4-3446-9AFF-33A571DC41A5}.Debug|x64.ActiveCfg = Debug|x64
		{ECE0A10F-E0F4-3446-9AFF-33A571DC41A5}.Debug|x64.Build.0 = Debug|x64
		{ECE0A10F-E0F4-3446-9AFF-33A571DC41A5}.Release|x64.ActiveCfg = Release|x64
		{ECE0A10F-E0F4-3446-9AFF-33A571DC41A5}.Release|x64.Build.0 = Release|x64
		{ECE0A10F-E0F4-3446-9AFF-33A571DC41A5}.MinSizeRel|x64.ActiveCfg = MinSizeRel|x64
		{ECE0A10F-E0F4-3446-9AFF-33A571DC41A5}.MinSizeRel|x64.Build.0 = MinSizeRel|x64
		{ECE0A10F-E0F4-3446-9AFF-33A571DC41A5}.RelWithDebInfo|x64.ActiveCfg = RelWithDebInfo|x64
		{ECE0A10F-E0F4-3446-9AFF-33A571DC41A5}.RelWithDebInfo|x64.Build.0 = RelWithDebInfo|x64
		{53654986-550C-3035-B452-305580EF480A}.Debug|x64.ActiveCfg = Debug|x64
		{53654986-550C-3035-B452-305580EF480A}.Debug|x64.Build.0 = Debug|x64
		{53654986-550C-3035-B452-305580EF480A}.Release|x64.ActiveCfg = Release|x64
		{53654986-550C-3035-B452-305580EF480A}.Release|x64.Build.0 = Release|x64
		{53654986-550C-3035-B452-305580EF480A}.MinSizeRel|x64.ActiveCfg = MinSizeRel|x64
		{53654986-550C-3035-B452-305580EF480A}.MinSizeRel|x64.Build.0 = MinSizeRel|x64
		{53654986-550C-3035-B452-305580EF480A}.RelWithDebInfo|x64.ActiveCfg = RelWithDebInfo|x64
		{53654986-550C-3035-B452-305580EF480A}.RelWithDebInfo|x64.Build.0 = RelWithDebInfo|x64
		{9748B835-08BB-39EB-9AED-05897A8DB365}.Debug|x64.ActiveCfg = Debug|x64
		{9748B835-08BB-39EB-9AED-05897A8DB365}.Debug|x64.Build.0 = Debug|x64
		{9748B835-08BB-39EB-9AED-05897A8DB365}.Release|x64.ActiveCfg = Release|x64
		{9748B835-08BB-39EB-9AED-05897A8DB365}.Release|x64.Build.0 = Release|x64
		{9748B835-08BB-39EB-9AED-05897A8DB365}.MinSizeRel|x64.ActiveCfg = MinSizeRel|x64
		{9748B835-08BB-39EB-9AED-05897A8DB365}.MinSizeRel|x64.Build.0 = MinSizeRel|x64
		{9748B835-08BB-39EB-9AED-05897A8DB365}.RelWithDebInfo|x64.ActiveCfg = RelWithDebInfo|x64
		{9748B835-08BB-39EB-9AED-05897A8DB365}.RelWithDebInfo|x64.Build.0 = RelWithDebInfo|x64
		{45A53230-0369-3347-9C6B-EF60B92110DC}.Debug|x64.ActiveCfg = Debug|x64
		{45A53230-0369-3347-9C6B-EF60B92110DC}.Debug|x64.Build.0 = Debug|x64
		{45A53230-0369-3347-9C6B-EF60B92110DC}.Release|x64.ActiveCfg = Release|x64
		{45A53230-0369-3347-9C6B-EF60B92110DC}.Release|x64.Build.0 = Release|x64
		{45A53230-0369-3347-9C6B-EF60B92110DC}.MinSizeRel|x64.ActiveCfg = MinSizeRel|x64
		{45A53230-0369-3347-9C6B-EF60B92110DC}.MinSizeRel|x64.Build.0 = MinSizeRel|x64
		{45A53230-0369-3347-9C6B-EF60B92110DC}.RelWithDebInfo|x64.ActiveCfg = RelWithDebInfo|x64
		{45A53230-0369-3347-9C6B-EF60B92110DC}.RelWithDebInfo|x64.Build.0 = RelWithDebInfo|x64
		{8C3A7834-3C2E-3890-8B3F-C6A607E32684}.Debug|x64.ActiveCfg = Debug|x64
		{8C3A7834-3C2E-3890-8B3F-C6A607E32684}.Debug|x64.Build.0 = Debug|x64
		{8C3A7834-3C2E-3890-8B3F-C6A607E32684}.Release|x64.ActiveCfg = Release|x64
		{8C3A7834-3C2E-3890-8B3F-C6A607E32684}.Release|x64.Build.0 = Release|x64
		{8C3A7834-3C2E-3890-8B3F-C6A607E32684}.MinSizeRel|x64.ActiveCfg = MinSizeRel|x64
		{8C3A7834-3C2E-3890-8B3F-C6A607E32684}.MinSizeRel|x64.Build.0 = MinSizeRel|x64
		{8C3A7834-3C2E-3890-8B3F-C6A607E32684}.RelWithDebInfo|x64.ActiveCfg = RelWithDebInfo|x64
		{8C3A7834-3C2E-3890-8B3F-C6A607E32684}.RelWithDebInfo|x64.Build.0 = RelWithDebInfo|x64
		{D5ED5659-37F6-3747-9E29-BDED08871B59}.Debug|x64.ActiveCfg = Debug|x64
		{D5ED5659-37F6-3747-9E29-BDED08871B59}.Debug|x64.Build.0 = Debug|x64
		{D5ED5659-37F6-3747-9E29-BDED08871B59}.Release|x64.ActiveCfg = Release|x64
		{D5ED5659-37F6-3747-9E29-BDED08871B59}.Release|x64.Build.0 = Release|x64
		{D5ED5659-37F6-3747-9E29-BDED08871B59}.MinSizeRel|x64.ActiveCfg = MinSizeRel|x64
		{D5ED5659-37F6-3747-9E29-BDED08871B59}.MinSizeRel|x64.Build.0 = MinSizeRel|x64
		{D5ED5659-37F6-3747-9E29-BDED08871B59}.RelWithDebInfo|x64.ActiveCfg = RelWithDebInfo|x64
		{D5ED5659-37F6-3747-9E29-BDED08871B59}.RelWithDebInfo|x64.Build.0 = RelWithDebInfo|x64
		{58527F9F-A3B5-3155-9840-4A8ECAC84A48}.Debug|x64.ActiveCfg = Debug|x64
		{58527F9F-A3B5-3155-9840-4A8ECAC84A48}.Release|x64.ActiveCfg = Release|x64
		{58527F9F-A3B5-3155-9840-4A8ECAC84A48}.MinSizeRel|x64.ActiveCfg = MinSizeRel|x64
		{58527F9F-A3B5-3155-9840-4A8ECAC84A48}.RelWithDebInfo|x64.ActiveCfg = RelWithDebInfo|x64
		{1CC66BCA-561B-3CE8-ADB5-5E7590D65DEE}.Debug|x64.ActiveCfg = Debug|x64
		{1CC66BCA-561B-3CE8-ADB5-5E7590D65DEE}.Release|x64.ActiveCfg = Release|x64
		{1CC66BCA-561B-3CE8-ADB5-5E7590D65DEE}.MinSizeRel|x64.ActiveCfg = MinSizeRel|x64
		{1CC66BCA-561B-3CE8-ADB5-5E7590D65DEE}.RelWithDebInfo|x64.ActiveCfg = RelWithDebInfo|x64
		{698A29F8-4614-3014-A962-383A4BBEE58D}.Debug|x64.ActiveCfg = Debug|x64
		{698A29F8-4614-3014-A962-383A4BBEE58D}.Debug|x64.Build.0 = Debug|x64
		{698A29F8-4614-3014-A962-383A4BBEE58D}.Release|x64.ActiveCfg = Release|x64
		{698A29F8-4614-3014-A962-383A4BBEE58D}.Release|x64.Build.0 = Release|x64
		{698A29F8-4614-3014-A962-383A4BBEE58D}.MinSizeRel|x64.ActiveCfg = MinSizeRel|x64
		{698A29F8-4614-3014-A962-383A4BBEE58D}.MinSizeRel|x64.Build.0 = MinSizeRel|x64
		{698A29F8-4614-3014-A962-383A4BBEE58D}.RelWithDebInfo|x64.ActiveCfg = RelWithDebInfo|x64
		{698A29F8-4614-3014-A962-383A4BBEE58D}.RelWithDebInfo|x64.Build.0 = RelWithDebInfo|x64
		{4E9ADEB8-3DF2-363C-81A2-C68C6FE2BC51}.Debug|x64.ActiveCfg = Debug|x64
		{4E9ADEB8-3DF2-363C-81A2-C68C6FE2BC51}.Debug|x64.Build.0 = Debug|x64
		{4E9ADEB8-3DF2-363C-81A2-C68C6FE2BC51}.Release|x64.ActiveCfg = Release|x64
		{4E9ADEB8-3DF2-363C-81A2-C68C6FE2BC51}.Release|x64.Build.0 = Release|x64
		{4E9ADEB8-3DF2-363C-81A2-C68C6FE2BC51}.MinSizeRel|x64.ActiveCfg = MinSizeRel|x64
		{4E9ADEB8-3DF2-363C-81A2-C68C6FE2BC51}.MinSizeRel|x64.Build.0 = MinSizeRel|x64
		{4E9ADEB8-3DF2-363C-81A2-C68C6FE2BC51}.RelWithDebInfo|x64.ActiveCfg = RelWithDebInfo|x64
		{4E9ADEB8-3DF2-363C-81A2-C68C6FE2BC51}.RelWithDebInfo|x64.Build.0 = RelWithDebInfo|x64
	EndGlobalSection
	GlobalSection(NestedProjects) = preSolution
		{A65CE1CB-3828-3AF4-8BBF-6C826916D25F} = {021AEF5E-267F-38D2-A6BE-23BCEBF7578A}
		{F223D426-C200-353A-90DB-C825C1CCC121} = {021AEF5E-267F-38D2-A6BE-23BCEBF7578A}
		{B21E21BD-0AB1-334F-BF2B-7A8576FDA89E} = {021AEF5E-267F-38D2-A6BE-23BCEBF7578A}
		{162DAE53-7636-34EB-88B2-90BE7D64CC67} = {C231F9EA-8B1A-3556-BCD1-BACA52B57732}
		{0616BEC0-2D92-3428-ABB8-9487A3293E84} = {C231F9EA-8B1A-3556-BCD1-BACA52B57732}
		{E62E45FE-4E26-3923-B68E-2FEE4A106452} = {C231F9EA-8B1A-3556-BCD1-BACA52B57732}
		{58527F9F-A3B5-3155-9840-4A8ECAC84A48} = {C231F9EA-8B1A-3556-BCD1-BACA52B57732}
		{1CC66BCA-561B-3CE8-ADB5-5E7590D65DEE} = {C231F9EA-8B1A-3556-BCD1-BACA52B57732}
		{9F4BFB0B-4429-32FC-B617-12EE6FC0A5AD} = {162DAE53-7636-34EB-88B2-90BE7D64CC67}
		{FE1EB350-D1FF-3372-94C6-1EA3793A1273} = {162DAE53-7636-34EB-88B2-90BE7D64CC67}
		{3914E90A-A04F-31D9-895E-D0083DB95A3D} = {162DAE53-7636-34EB-88B2-90BE7D64CC67}
		{E4CCACD9-DB5D-3B75-ABA8-A85D322D9463} = {162DAE53-7636-34EB-88B2-90BE7D64CC67}
		{79E857AC-6AC3-39E4-B353-F23D208BE763} = {162DAE53-7636-34EB-88B2-90BE7D64CC67}
		{95BB9C17-FEC5-347B-9020-C889D028F45D} = {162DAE53-7636-34EB-88B2-90BE7D64CC67}
		{75725BDD-F0D9-326B-9036-CBC274ACADB7} = {162DAE53-7636-34EB-88B2-90BE7D64CC67}
		{839014AB-3805-39EF-A0CD-1073B6D6FE96} = {162DAE53-7636-34EB-88B2-90BE7D64CC67}
		{698A29F8-4614-3014-A962-383A4BBEE58D} = {162DAE53-7636-34EB-88B2-90BE7D64CC67}
		{44BF0729-2AF1-326F-80B2-4510E2FD6C93} = {0616BEC0-2D92-3428-ABB8-9487A3293E84}
		{AE3CF528-8185-382A-9530-4AFAC98F174C} = {0616BEC0-2D92-3428-ABB8-9487A3293E84}
		{112D44DB-2C2D-3CEB-A76F-8862E1F2CFAF} = {0616BEC0-2D92-3428-ABB8-9487A3293E84}
		{AB936DD3-D9E5-35B2-BD6D-078F6EA46F00} = {0616BEC0-2D92-3428-ABB8-9487A3293E84}
		{D26B78DB-1160-3B3C-94D3-81628ABBC733} = {0616BEC0-2D92-3428-ABB8-9487A3293E84}
		{075966E5-AA1D-33B1-A0B1-1C799998F061} = {0616BEC0-2D92-3428-ABB8-9487A3293E84}
		{D2320D55-490F-38CC-9E10-E32F8CA8177E} = {0616BEC0-2D92-3428-ABB8-9487A3293E84}
		{2C65597F-2FE4-3406-BF28-27E08A028F80} = {0616BEC0-2D92-3428-ABB8-9487A3293E84}
		{BEB602C7-6E6A-3D67-B5DA-8A8A45EACCE6} = {0616BEC0-2D92-3428-ABB8-9487A3293E84}
		{07D207A9-EEB6-3432-A935-D042FD4BDA7D} = {0616BEC0-2D92-3428-ABB8-9487A3293E84}
		{ABAA604F-8F6A-31C0-8D79-B13F058C1D3C} = {0616BEC0-2D92-3428-ABB8-9487A3293E84}
		{2B45B968-AE2F-308F-A533-EAEA43AD7C29} = {0616BEC0-2D92-3428-ABB8-9487A3293E84}
		{BB08413F-CA5D-3413-B3ED-DB2963967076} = {0616BEC0-2D92-3428-ABB8-9487A3293E84}
		{2569E74C-0780-3626-B410-55F54F23E5D9} = {0616BEC0-2D92-3428-ABB8-9487A3293E84}
		{4F9F1CD5-EE19-3945-B56D-DB4B4AE42468} = {0616BEC0-2D92-3428-ABB8-9487A3293E84}
		{C905DA14-0CBD-3CFA-AB6A-06D0E685E324} = {0616BEC0-2D92-3428-ABB8-9487A3293E84}
		{ECE0A10F-E0F4-3446-9AFF-33A571DC41A5} = {0616BEC0-2D92-3428-ABB8-9487A3293E84}
		{53654986-550C-3035-B452-305580EF480A} = {0616BEC0-2D92-3428-ABB8-9487A3293E84}
		{D5ED5659-37F6-3747-9E29-BDED08871B59} = {0616BEC0-2D92-3428-ABB8-9487A3293E84}
		{4E9ADEB8-3DF2-363C-81A2-C68C6FE2BC51} = {0616BEC0-2D92-3428-ABB8-9487A3293E84}
	EndGlobalSection
	GlobalSection(ExtensibilityGlobals) = postSolution
		SolutionGuid = {02A65B58-BF16-3D8C-872A-6D6300C6CB10}
	EndGlobalSection
	GlobalSection(ExtensibilityAddIns) = postSolution
	EndGlobalSection
EndGlobal
