<?xml version="1.0" encoding="utf-8"?>
<Project ToolsVersion="17.0" xmlns="http://schemas.microsoft.com/developer/msbuild/2003">
  <ItemGroup>
    <CustomBuild Include="C:\Users\koanr\Desktop\C++\Trading-Algorithm\build-vs\CMakeFiles\620d131f780de76cbd0be22ad78e649a\generate.stamp.rule">
      <Filter>CMake Rules</Filter>
    </CustomBuild>
  </ItemGroup>
  <ItemGroup>
    <Filter Include="CMake Rules">
      <UniqueIdentifier>{7E2D7B31-7D24-36BE-9E66-DFBC5C679967}</UniqueIdentifier>
    </Filter>
  </ItemGroup>
</Project>
